github.com/cdvelop/gotools v0.0.78 h1:LC5nFFGjdtbmqh77bTkf6Le12ACrFkqv1amwKHoKPac=
github.com/cdvelop/gotools v0.0.78/go.mod h1:Fdxh329siOkQ+GrtufDCbjD2tDM97J81+YKvJdXvWOI=
github.com/cdvelop/input v0.0.76 h1:3geqHtLspcTgj90JC6gA+rXQiqUU3vWGRaKQnB7NND4=
github.com/cdvelop/input v0.0.76/go.mod h1:wRyiv4LJZex3bbis3z9zgtTU5zELEaP+z/lGVSunImk=
github.com/cdvelop/output v0.0.16 h1:4hmAy0kF98dVEWj2qq6fMtiq3pz1ZTDmxf9AgHiBb7g=
github.com/cdvelop/output v0.0.16/go.mod h1:J0NdlSxlURjPlX82VUmaq7o9Z4omOSH0yLUoioPdELc=
github.com/cdvelop/strings v0.0.9 h1:yDh2msl3EQja0dHw+oOHfD9ymQMa50KakKTkjsXDnvw=
github.com/cdvelop/strings v0.0.9/go.mod h1:zNexDeXHRETbMmlmNThQeM7ksRsvzrphsCfwuSxaURk=
github.com/cdvelop/timetools v0.0.32 h1:tQPO4BwrEBrIGVMZHhsoYYeu8UXyF6hicm/Q54SET6k=
github.com/cdvelop/timetools v0.0.32/go.mod h1:Y6C9bgqYnwI+WUuIiJs5VlfyNdVPsCN+42LxUB1S2yo=
golang.org/x/text v0.14.0 h1:ScX5w1eTa3QqT8oi6+ziP7dTV1S2+ALU0bI+0zXKWiQ=
golang.org/x/text v0.14.0/go.mod h1:18ZOQIKpY8NJVqYksKHtTdi31H5itFRjB5/qKTNYzSU=
