github.com/cdvelop/gotools v0.0.80 h1:Bz+1ViGt4zgOtMxv7k4gFG5M2XK6RUD9W6qaU2+zhRs=
github.com/cdvelop/gotools v0.0.80/go.mod h1:j8/U2YuphtYp+Pk0kX3aXsz93y5eHryrRTmBK9FYUb4=
github.com/cdvelop/input v0.0.80 h1:hQ+al2Fp3xqIfE3Sw7K8RxZKq//6C5LMwCfJxFdA+eM=
github.com/cdvelop/input v0.0.80/go.mod h1:OfsLjbfzG7jHXr57U2x81vESEnWJ6XSIhRrhpIDFj6Y=
github.com/cdvelop/output v0.0.16 h1:4hmAy0kF98dVEWj2qq6fMtiq3pz1ZTDmxf9AgHiBb7g=
github.com/cdvelop/output v0.0.16/go.mod h1:J0NdlSxlURjPlX82VUmaq7o9Z4omOSH0yLUoioPdELc=
github.com/cdvelop/strings v0.0.9 h1:yDh2msl3EQja0dHw+oOHfD9ymQMa50KakKTkjsXDnvw=
github.com/cdvelop/strings v0.0.9/go.mod h1:zNexDeXHRETbMmlmNThQeM7ksRsvzrphsCfwuSxaURk=
github.com/cdvelop/timetools v0.0.32 h1:tQPO4BwrEBrIGVMZHhsoYYeu8UXyF6hicm/Q54SET6k=
github.com/cdvelop/timetools v0.0.32/go.mod h1:Y6C9bgqYnwI+WUuIiJs5VlfyNdVPsCN+42LxUB1S2yo=
golang.org/x/text v0.14.0 h1:ScX5w1eTa3QqT8oi6+ziP7dTV1S2+ALU0bI+0zXKWiQ=
golang.org/x/text v0.14.0/go.mod h1:18ZOQIKpY8NJVqYksKHtTdi31H5itFRjB5/qKTNYzSU=
